
Microsoft Visual Studio Solution File, Format Version 12.00
# Visual Studio Version 16
VisualStudioVersion = 16.0.30002.166
MinimumVisualStudioVersion = 10.0.40219.1
Project("{9A19103F-16F7-4668-BE54-9A1E7A4F7556}") = "BulkyBook", "BulkyBook\BulkyBook.csproj", "{099BF1EA-F92D-45F7-B9DE-42704F632AC3}"
EndProject
Project("{FAE04EC0-301F-11D3-BF4B-00C04F79EFBC}") = "BulkyBook.DataAccess", "BulkyBook.DataAccess\BulkyBook.DataAccess.csproj", "{0873DFC4-99EA-4A61-8120-05DE88B781D7}"
EndProject
Project("{FAE04EC0-301F-11D3-BF4B-00C04F79EFBC}") = "BulkyBook.Models", "BulkyBook.Models\BulkyBook.Models.csproj", "{A1342EC0-FF09-499F-AB33-F260596600D4}"
EndProject
Project("{FAE04EC0-301F-11D3-BF4B-00C04F79EFBC}") = "BulkyBook.Utility", "BulkyBook.Utility\BulkyBook.Utility.csproj", "{17EC4141-89F2-402F-A0BC-382C91674D49}"
EndProject
Global
	GlobalSection(SolutionConfigurationPlatforms) = preSolution
		Debug|Any CPU = Debug|Any CPU
		Release|Any CPU = Release|Any CPU
	EndGlobalSection
	GlobalSection(ProjectConfigurationPlatforms) = postSolution
		{099BF1EA-F92D-45F7-B9DE-42704F632AC3}.Debug|Any CPU.ActiveCfg = Debug|Any CPU
		{099BF1EA-F92D-45F7-B9DE-42704F632AC3}.Debug|Any CPU.Build.0 = Debug|Any CPU
		{099BF1EA-F92D-45F7-B9DE-42704F632AC3}.Release|Any CPU.ActiveCfg = Release|Any CPU
		{099BF1EA-F92D-45F7-B9DE-42704F632AC3}.Release|Any CPU.Build.0 = Release|Any CPU
		{0873DFC4-99EA-4A61-8120-05DE88B781D7}.Debug|Any CPU.ActiveCfg = Debug|Any CPU
		{0873DFC4-99EA-4A61-8120-05DE88B781D7}.Debug|Any CPU.Build.0 = Debug|Any CPU
		{0873DFC4-99EA-4A61-8120-05DE88B781D7}.Release|Any CPU.ActiveCfg = Release|Any CPU
		{0873DFC4-99EA-4A61-8120-05DE88B781D7}.Release|Any CPU.Build.0 = Release|Any CPU
		{A1342EC0-FF09-499F-AB33-F260596600D4}.Debug|Any CPU.ActiveCfg = Debug|Any CPU
		{A1342EC0-FF09-499F-AB33-F260596600D4}.Debug|Any CPU.Build.0 = Debug|Any CPU
		{A1342EC0-FF09-499F-AB33-F260596600D4}.Release|Any CPU.ActiveCfg = Release|Any CPU
		{A1342EC0-FF09-499F-AB33-F260596600D4}.Release|Any CPU.Build.0 = Release|Any CPU
		{17EC4141-89F2-402F-A0BC-382C91674D49}.Debug|Any CPU.ActiveCfg = Debug|Any CPU
		{17EC4141-89F2-402F-A0BC-382C91674D49}.Debug|Any CPU.Build.0 = Debug|Any CPU
		{17EC4141-89F2-402F-A0BC-382C91674D49}.Release|Any CPU.ActiveCfg = Release|Any CPU
		{17EC4141-89F2-402F-A0BC-382C91674D49}.Release|Any CPU.Build.0 = Release|Any CPU
	EndGlobalSection
	GlobalSection(SolutionProperties) = preSolution
		HideSolutionNode = FALSE
	EndGlobalSection
	GlobalSection(ExtensibilityGlobals) = postSolution
		SolutionGuid = {AC34BEE4-0928-4C66-A0F1-218F3F702BAE}
	EndGlobalSection
EndGlobal
